// !$*UTF8*$!
{
	archiveVersion = 1;
	classes = {
	};
	objectVersion = 50;
	objects = {

/* Begin PBXBuildFile section */
		443C49F525893C8C00E89274 /* AppDelegate.swift in Sources */ = {isa = PBXBuildFile; fileRef = 443C49F425893C8C00E89274 /* AppDelegate.swift */; };
		443C49F725893C8C00E89274 /* SceneDelegate.swift in Sources */ = {isa = PBXBuildFile; fileRef = 443C49F625893C8C00E89274 /* SceneDelegate.swift */; };
		443C49FE25893C8F00E89274 /* Assets.xcassets in Resources */ = {isa = PBXBuildFile; fileRef = 443C49FD25893C8F00E89274 /* Assets.xcassets */; };
		443C4A0125893C9000E89274 /* LaunchScreen.storyboard in Resources */ = {isa = PBXBuildFile; fileRef = 443C49FF25893C8F00E89274 /* LaunchScreen.storyboard */; };
		443C4A17258952B000E89274 /* AddressBook.swift in Sources */ = {isa = PBXBuildFile; fileRef = 443C4A16258952B000E89274 /* AddressBook.swift */; };
		443C4A1A258952D700E89274 /* AddressCard.swift in Sources */ = {isa = PBXBuildFile; fileRef = 443C4A19258952D700E89274 /* AddressCard.swift */; };
		443C4A2A2589569200E89274 /* Main.storyboard in Resources */ = {isa = PBXBuildFile; fileRef = 443C4A292589569200E89274 /* Main.storyboard */; };
		443C4A46258960A500E89274 /* ContactDetailVC.swift in Sources */ = {isa = PBXBuildFile; fileRef = 443C4A45258960A500E89274 /* ContactDetailVC.swift */; };
		443C4A49258960BB00E89274 /* ContactNewVC.swift in Sources */ = {isa = PBXBuildFile; fileRef = 443C4A48258960BB00E89274 /* ContactNewVC.swift */; };
		443C4A4D258960D400E89274 /* ContactListVC.swift in Sources */ = {isa = PBXBuildFile; fileRef = 443C4A4C258960D400E89274 /* ContactListVC.swift */; };
		443C4A50258965B700E89274 /* GeneralDetailTVCell.swift in Sources */ = {isa = PBXBuildFile; fileRef = 443C4A4F258965B700E89274 /* GeneralDetailTVCell.swift */; };
		443C4A532589678700E89274 /* HobbiesTVCell.swift in Sources */ = {isa = PBXBuildFile; fileRef = 443C4A522589678700E89274 /* HobbiesTVCell.swift */; };
		443C4A562589679900E89274 /* FriendsTVCell.swift in Sources */ = {isa = PBXBuildFile; fileRef = 443C4A552589679900E89274 /* FriendsTVCell.swift */; };
		443C4A5925896BCE00E89274 /* ContactFriendsTVC.swift in Sources */ = {isa = PBXBuildFile; fileRef = 443C4A5825896BCE00E89274 /* ContactFriendsTVC.swift */; };
/* End PBXBuildFile section */

/* Begin PBXFileReference section */
		443C49F125893C8C00E89274 /* iOS5-LeDang-Pham.app */ = {isa = PBXFileReference; explicitFileType = wrapper.application; includeInIndex = 0; path = "iOS5-LeDang-Pham.app"; sourceTree = BUILT_PRODUCTS_DIR; };
		443C49F425893C8C00E89274 /* AppDelegate.swift */ = {isa = PBXFileReference; lastKnownFileType = sourcecode.swift; path = AppDelegate.swift; sourceTree = "<group>"; };
		443C49F625893C8C00E89274 /* SceneDelegate.swift */ = {isa = PBXFileReference; lastKnownFileType = sourcecode.swift; path = SceneDelegate.swift; sourceTree = "<group>"; };
		443C49FD25893C8F00E89274 /* Assets.xcassets */ = {isa = PBXFileReference; lastKnownFileType = folder.assetcatalog; path = Assets.xcassets; sourceTree = "<group>"; };
		443C4A0025893C8F00E89274 /* Base */ = {isa = PBXFileReference; lastKnownFileType = file.storyboard; name = Base; path = Base.lproj/LaunchScreen.storyboard; sourceTree = "<group>"; };
		443C4A0225893C9000E89274 /* Info.plist */ = {isa = PBXFileReference; lastKnownFileType = text.plist.xml; path = Info.plist; sourceTree = "<group>"; };
		443C4A16258952B000E89274 /* AddressBook.swift */ = {isa = PBXFileReference; lastKnownFileType = sourcecode.swift; path = AddressBook.swift; sourceTree = "<group>"; };
		443C4A19258952D700E89274 /* AddressCard.swift */ = {isa = PBXFileReference; lastKnownFileType = sourcecode.swift; path = AddressCard.swift; sourceTree = "<group>"; };
		443C4A292589569200E89274 /* Main.storyboard */ = {isa = PBXFileReference; lastKnownFileType = file.storyboard; path = Main.storyboard; sourceTree = "<group>"; };
		443C4A45258960A500E89274 /* ContactDetailVC.swift */ = {isa = PBXFileReference; lastKnownFileType = sourcecode.swift; path = ContactDetailVC.swift; sourceTree = "<group>"; };
		443C4A48258960BB00E89274 /* ContactNewVC.swift */ = {isa = PBXFileReference; lastKnownFileType = sourcecode.swift; path = ContactNewVC.swift; sourceTree = "<group>"; };
		443C4A4C258960D400E89274 /* ContactListVC.swift */ = {isa = PBXFileReference; lastKnownFileType = sourcecode.swift; path = ContactListVC.swift; sourceTree = "<group>"; };
		443C4A4F258965B700E89274 /* GeneralDetailTVCell.swift */ = {isa = PBXFileReference; lastKnownFileType = sourcecode.swift; path = GeneralDetailTVCell.swift; sourceTree = "<group>"; };
		443C4A522589678700E89274 /* HobbiesTVCell.swift */ = {isa = PBXFileReference; lastKnownFileType = sourcecode.swift; path = HobbiesTVCell.swift; sourceTree = "<group>"; };
		443C4A552589679900E89274 /* FriendsTVCell.swift */ = {isa = PBXFileReference; lastKnownFileType = sourcecode.swift; path = FriendsTVCell.swift; sourceTree = "<group>"; };
		443C4A5825896BCE00E89274 /* ContactFriendsTVC.swift */ = {isa = PBXFileReference; lastKnownFileType = sourcecode.swift; path = ContactFriendsTVC.swift; sourceTree = "<group>"; };
/* End PBXFileReference section */

/* Begin PBXFrameworksBuildPhase section */
		443C49EE25893C8C00E89274 /* Frameworks */ = {
			isa = PBXFrameworksBuildPhase;
			buildActionMask = 2147483647;
			files = (
			);
			runOnlyForDeploymentPostprocessing = 0;
		};
/* End PBXFrameworksBuildPhase section */

/* Begin PBXGroup section */
		443C49E825893C8C00E89274 = {
			isa = PBXGroup;
			children = (
				443C49F325893C8C00E89274 /* iOS5-LeDang-Pham */,
				443C49F225893C8C00E89274 /* Products */,
			);
			sourceTree = "<group>";
		};
		443C49F225893C8C00E89274 /* Products */ = {
			isa = PBXGroup;
			children = (
				443C49F125893C8C00E89274 /* iOS5-LeDang-Pham.app */,
			);
			name = Products;
			sourceTree = "<group>";
		};
		443C49F325893C8C00E89274 /* iOS5-LeDang-Pham */ = {
			isa = PBXGroup;
			children = (
				443C4A212589541C00E89274 /* Model */,
				443C4A222589543400E89274 /* View */,
				443C4A232589545100E89274 /* Controller */,
				443C49F425893C8C00E89274 /* AppDelegate.swift */,
				443C49F625893C8C00E89274 /* SceneDelegate.swift */,
				443C49FD25893C8F00E89274 /* Assets.xcassets */,
				443C4A0225893C9000E89274 /* Info.plist */,
			);
			path = "iOS5-LeDang-Pham";
			sourceTree = "<group>";
		};
		443C4A212589541C00E89274 /* Model */ = {
			isa = PBXGroup;
			children = (
				443C4A16258952B000E89274 /* AddressBook.swift */,
				443C4A19258952D700E89274 /* AddressCard.swift */,
			);
			path = Model;
			sourceTree = "<group>";
		};
		443C4A222589543400E89274 /* View */ = {
			isa = PBXGroup;
			children = (
				443C49FF25893C8F00E89274 /* LaunchScreen.storyboard */,
				443C4A292589569200E89274 /* Main.storyboard */,
			);
			path = View;
			sourceTree = "<group>";
		};
		443C4A232589545100E89274 /* Controller */ = {
			isa = PBXGroup;
			children = (
				443C4A45258960A500E89274 /* ContactDetailVC.swift */,
				443C4A48258960BB00E89274 /* ContactNewVC.swift */,
				443C4A4C258960D400E89274 /* ContactListVC.swift */,
				443C4A5825896BCE00E89274 /* ContactFriendsTVC.swift */,
				443C4A4F258965B700E89274 /* GeneralDetailTVCell.swift */,
				443C4A522589678700E89274 /* HobbiesTVCell.swift */,
				443C4A552589679900E89274 /* FriendsTVCell.swift */,
			);
			path = Controller;
			sourceTree = "<group>";
		};
/* End PBXGroup section */

/* Begin PBXNativeTarget section */
		443C49F025893C8C00E89274 /* iOS5-LeDang-Pham */ = {
			isa = PBXNativeTarget;
			buildConfigurationList = 443C4A0525893C9000E89274 /* Build configuration list for PBXNativeTarget "iOS5-LeDang-Pham" */;
			buildPhases = (
				443C49ED25893C8C00E89274 /* Sources */,
				443C49EE25893C8C00E89274 /* Frameworks */,
				443C49EF25893C8C00E89274 /* Resources */,
			);
			buildRules = (
			);
			dependencies = (
			);
			name = "iOS5-LeDang-Pham";
			productName = "iOS5-LeDang-Pham";
			productReference = 443C49F125893C8C00E89274 /* iOS5-LeDang-Pham.app */;
			productType = "com.apple.product-type.application";
		};
/* End PBXNativeTarget section */

/* Begin PBXProject section */
		443C49E925893C8C00E89274 /* Project object */ = {
			isa = PBXProject;
			attributes = {
				LastSwiftUpdateCheck = 1200;
				LastUpgradeCheck = 1200;
				TargetAttributes = {
					443C49F025893C8C00E89274 = {
						CreatedOnToolsVersion = 12.0.1;
					};
				};
			};
			buildConfigurationList = 443C49EC25893C8C00E89274 /* Build configuration list for PBXProject "iOS5-LeDang-Pham" */;
			compatibilityVersion = "Xcode 9.3";
			developmentRegion = en;
			hasScannedForEncodings = 0;
			knownRegions = (
				en,
				Base,
			);
			mainGroup = 443C49E825893C8C00E89274;
			productRefGroup = 443C49F225893C8C00E89274 /* Products */;
			projectDirPath = "";
			projectRoot = "";
			targets = (
				443C49F025893C8C00E89274 /* iOS5-LeDang-Pham */,
			);
		};
/* End PBXProject section */

/* Begin PBXResourcesBuildPhase section */
		443C49EF25893C8C00E89274 /* Resources */ = {
			isa = PBXResourcesBuildPhase;
			buildActionMask = 2147483647;
			files = (
				443C4A0125893C9000E89274 /* LaunchScreen.storyboard in Resources */,
				443C49FE25893C8F00E89274 /* Assets.xcassets in Resources */,
				443C4A2A2589569200E89274 /* Main.storyboard in Resources */,
			);
			runOnlyForDeploymentPostprocessing = 0;
		};
/* End PBXResourcesBuildPhase section */

/* Begin PBXSourcesBuildPhase section */
		443C49ED25893C8C00E89274 /* Sources */ = {
			isa = PBXSourcesBuildPhase;
			buildActionMask = 2147483647;
			files = (
				443C4A17258952B000E89274 /* AddressBook.swift in Sources */,
				443C4A1A258952D700E89274 /* AddressCard.swift in Sources */,
				443C4A46258960A500E89274 /* ContactDetailVC.swift in Sources */,
				443C4A4D258960D400E89274 /* ContactListVC.swift in Sources */,
				443C49F525893C8C00E89274 /* AppDelegate.swift in Sources */,
				443C4A5925896BCE00E89274 /* ContactFriendsTVC.swift in Sources */,
				443C4A49258960BB00E89274 /* ContactNewVC.swift in Sources */,
				443C49F725893C8C00E89274 /* SceneDelegate.swift in Sources */,
				443C4A50258965B700E89274 /* GeneralDetailTVCell.swift in Sources */,
				443C4A532589678700E89274 /* HobbiesTVCell.swift in Sources */,
				443C4A562589679900E89274 /* FriendsTVCell.swift in Sources */,
			);
			runOnlyForDeploymentPostprocessing = 0;
		};
/* End PBXSourcesBuildPhase section */

/* Begin PBXVariantGroup section */
		443C49FF25893C8F00E89274 /* LaunchScreen.storyboard */ = {
			isa = PBXVariantGroup;
			children = (
				443C4A0025893C8F00E89274 /* Base */,
			);
			name = LaunchScreen.storyboard;
			sourceTree = "<group>";
		};
/* End PBXVariantGroup section */

/* Begin XCBuildConfiguration section */
		443C4A0325893C9000E89274 /* Debug */ = {
			isa = XCBuildConfiguration;
			buildSettings = {
				ALWAYS_SEARCH_USER_PATHS = NO;
				CLANG_ANALYZER_NONNULL = YES;
				CLANG_ANALYZER_NUMBER_OBJECT_CONVERSION = YES_AGGRESSIVE;
				CLANG_CXX_LANGUAGE_STANDARD = "gnu++14";
				CLANG_CXX_LIBRARY = "libc++";
				CLANG_ENABLE_MODULES = YES;
				CLANG_ENABLE_OBJC_ARC = YES;
				CLANG_ENABLE_OBJC_WEAK = YES;
				CLANG_WARN_BLOCK_CAPTURE_AUTORELEASING = YES;
				CLANG_WARN_BOOL_CONVERSION = YES;
				CLANG_WARN_COMMA = YES;
				CLANG_WARN_CONSTANT_CONVERSION = YES;
				CLANG_WARN_DEPRECATED_OBJC_IMPLEMENTATIONS = YES;
				CLANG_WARN_DIRECT_OBJC_ISA_USAGE = YES_ERROR;
				CLANG_WARN_DOCUMENTATION_COMMENTS = YES;
				CLANG_WARN_EMPTY_BODY = YES;
				CLANG_WARN_ENUM_CONVERSION = YES;
				CLANG_WARN_INFINITE_RECURSION = YES;
				CLANG_WARN_INT_CONVERSION = YES;
				CLANG_WARN_NON_LITERAL_NULL_CONVERSION = YES;
				CLANG_WARN_OBJC_IMPLICIT_RETAIN_SELF = YES;
				CLANG_WARN_OBJC_LITERAL_CONVERSION = YES;
				CLANG_WARN_OBJC_ROOT_CLASS = YES_ERROR;
				CLANG_WARN_QUOTED_INCLUDE_IN_FRAMEWORK_HEADER = YES;
				CLANG_WARN_RANGE_LOOP_ANALYSIS = YES;
				CLANG_WARN_STRICT_PROTOTYPES = YES;
				CLANG_WARN_SUSPICIOUS_MOVE = YES;
				CLANG_WARN_UNGUARDED_AVAILABILITY = YES_AGGRESSIVE;
				CLANG_WARN_UNREACHABLE_CODE = YES;
				CLANG_WARN__DUPLICATE_METHOD_MATCH = YES;
				COPY_PHASE_STRIP = NO;
				DEBUG_INFORMATION_FORMAT = dwarf;
				ENABLE_STRICT_OBJC_MSGSEND = YES;
				ENABLE_TESTABILITY = YES;
				GCC_C_LANGUAGE_STANDARD = gnu11;
				GCC_DYNAMIC_NO_PIC = NO;
				GCC_NO_COMMON_BLOCKS = YES;
				GCC_OPTIMIZATION_LEVEL = 0;
				GCC_PREPROCESSOR_DEFINITIONS = (
					"DEBUG=1",
					"$(inherited)",
				);
				GCC_WARN_64_TO_32_BIT_CONVERSION = YES;
				GCC_WARN_ABOUT_RETURN_TYPE = YES_ERROR;
				GCC_WARN_UNDECLARED_SELECTOR = YES;
				GCC_WARN_UNINITIALIZED_AUTOS = YES_AGGRESSIVE;
				GCC_WARN_UNUSED_FUNCTION = YES;
				GCC_WARN_UNUSED_VARIABLE = YES;
				IPHONEOS_DEPLOYMENT_TARGET = 14.0;
				MTL_ENABLE_DEBUG_INFO = INCLUDE_SOURCE;
				MTL_FAST_MATH = YES;
				ONLY_ACTIVE_ARCH = YES;
				SDKROOT = iphoneos;
				SWIFT_ACTIVE_COMPILATION_CONDITIONS = DEBUG;
				SWIFT_OPTIMIZATION_LEVEL = "-Onone";
			};
			name = Debug;
		};
		443C4A0425893C9000E89274 /* Release */ = {
			isa = XCBuildConfiguration;
			buildSettings = {
				ALWAYS_SEARCH_USER_PATHS = NO;
				CLANG_ANALYZER_NONNULL = YES;
				CLANG_ANALYZER_NUMBER_OBJECT_CONVERSION = YES_AGGRESSIVE;
				CLANG_CXX_LANGUAGE_STANDARD = "gnu++14";
				CLANG_CXX_LIBRARY = "libc++";
				CLANG_ENABLE_MODULES = YES;
				CLANG_ENABLE_OBJC_ARC = YES;
				CLANG_ENABLE_OBJC_WEAK = YES;
				CLANG_WARN_BLOCK_CAPTURE_AUTORELEASING = YES;
				CLANG_WARN_BOOL_CONVERSION = YES;
				CLANG_WARN_COMMA = YES;
				CLANG_WARN_CONSTANT_CONVERSION = YES;
				CLANG_WARN_DEPRECATED_OBJC_IMPLEMENTATIONS = YES;
				CLANG_WARN_DIRECT_OBJC_ISA_USAGE = YES_ERROR;
				CLANG_WARN_DOCUMENTATION_COMMENTS = YES;
				CLANG_WARN_EMPTY_BODY = YES;
				CLANG_WARN_ENUM_CONVERSION = YES;
				CLANG_WARN_INFINITE_RECURSION = YES;
				CLANG_WARN_INT_CONVERSION = YES;
				CLANG_WARN_NON_LITERAL_NULL_CONVERSION = YES;
				CLANG_WARN_OBJC_IMPLICIT_RETAIN_SELF = YES;
				CLANG_WARN_OBJC_LITERAL_CONVERSION = YES;
				CLANG_WARN_OBJC_ROOT_CLASS = YES_ERROR;
				CLANG_WARN_QUOTED_INCLUDE_IN_FRAMEWORK_HEADER = YES;
				CLANG_WARN_RANGE_LOOP_ANALYSIS = YES;
				CLANG_WARN_STRICT_PROTOTYPES = YES;
				CLANG_WARN_SUSPICIOUS_MOVE = YES;
				CLANG_WARN_UNGUARDED_AVAILABILITY = YES_AGGRESSIVE;
				CLANG_WARN_UNREACHABLE_CODE = YES;
				CLANG_WARN__DUPLICATE_METHOD_MATCH = YES;
				COPY_PHASE_STRIP = NO;
				DEBUG_INFORMATION_FORMAT = "dwarf-with-dsym";
				ENABLE_NS_ASSERTIONS = NO;
				ENABLE_STRICT_OBJC_MSGSEND = YES;
				GCC_C_LANGUAGE_STANDARD = gnu11;
				GCC_NO_COMMON_BLOCKS = YES;
				GCC_WARN_64_TO_32_BIT_CONVERSION = YES;
				GCC_WARN_ABOUT_RETURN_TYPE = YES_ERROR;
				GCC_WARN_UNDECLARED_SELECTOR = YES;
				GCC_WARN_UNINITIALIZED_AUTOS = YES_AGGRESSIVE;
				GCC_WARN_UNUSED_FUNCTION = YES;
				GCC_WARN_UNUSED_VARIABLE = YES;
				IPHONEOS_DEPLOYMENT_TARGET = 14.0;
				MTL_ENABLE_DEBUG_INFO = NO;
				MTL_FAST_MATH = YES;
				SDKROOT = iphoneos;
				SWIFT_COMPILATION_MODE = wholemodule;
				SWIFT_OPTIMIZATION_LEVEL = "-O";
				VALIDATE_PRODUCT = YES;
			};
			name = Release;
		};
		443C4A0625893C9000E89274 /* Debug */ = {
			isa = XCBuildConfiguration;
			buildSettings = {
				ASSETCATALOG_COMPILER_APPICON_NAME = AppIcon;
				ASSETCATALOG_COMPILER_GLOBAL_ACCENT_COLOR_NAME = AccentColor;
				CODE_SIGN_STYLE = Automatic;
				INFOPLIST_FILE = "iOS5-LeDang-Pham/Info.plist";
				IPHONEOS_DEPLOYMENT_TARGET = 13.0;
				LD_RUNPATH_SEARCH_PATHS = (
					"$(inherited)",
					"@executable_path/Frameworks",
				);
				PRODUCT_BUNDLE_IDENTIFIER = "com.kim.iOS5-LeDang-Pham";
				PRODUCT_NAME = "$(TARGET_NAME)";
				SWIFT_VERSION = 5.0;
				TARGETED_DEVICE_FAMILY = "1,2";
			};
			name = Debug;
		};
		443C4A0725893C9000E89274 /* Release */ = {
			isa = XCBuildConfiguration;
			buildSettings = {
				ASSETCATALOG_COMPILER_APPICON_NAME = AppIcon;
				ASSETCATALOG_COMPILER_GLOBAL_ACCENT_COLOR_NAME = AccentColor;
				CODE_SIGN_STYLE = Automatic;
				INFOPLIST_FILE = "iOS5-LeDang-Pham/Info.plist";
				IPHONEOS_DEPLOYMENT_TARGET = 13.0;
				LD_RUNPATH_SEARCH_PATHS = (
					"$(inherited)",
					"@executable_path/Frameworks",
				);
				PRODUCT_BUNDLE_IDENTIFIER = "com.kim.iOS5-LeDang-Pham";
				PRODUCT_NAME = "$(TARGET_NAME)";
				SWIFT_VERSION = 5.0;
				TARGETED_DEVICE_FAMILY = "1,2";
			};
			name = Release;
		};
/* End XCBuildConfiguration section */

/* Begin XCConfigurationList section */
		443C49EC25893C8C00E89274 /* Build configuration list for PBXProject "iOS5-LeDang-Pham" */ = {
			isa = XCConfigurationList;
			buildConfigurations = (
				443C4A0325893C9000E89274 /* Debug */,
				443C4A0425893C9000E89274 /* Release */,
			);
			defaultConfigurationIsVisible = 0;
			defaultConfigurationName = Release;
		};
		443C4A0525893C9000E89274 /* Build configuration list for PBXNativeTarget "iOS5-LeDang-Pham" */ = {
			isa = XCConfigurationList;
			buildConfigurations = (
				443C4A0625893C9000E89274 /* Debug */,
				443C4A0725893C9000E89274 /* Release */,
			);
			defaultConfigurationIsVisible = 0;
			defaultConfigurationName = Release;
		};
/* End XCConfigurationList section */
	};
	rootObject = 443C49E925893C8C00E89274 /* Project object */;
}
